// !$*UTF8*$!
{
	archiveVersion = 1;
	classes = {
	};
	objectVersion = 50;
	objects = {

/* Begin PBXBuildFile section */
		EE364DB22433556C00E6EC1F /* Example1.swift in Sources */ = {isa = PBXBuildFile; fileRef = EE364DB12433556C00E6EC1F /* Example1.swift */; };
		EE364DB42433561A00E6EC1F /* Example2.swift in Sources */ = {isa = PBXBuildFile; fileRef = EE364DB32433561A00E6EC1F /* Example2.swift */; };
		EE364DB6243356FE00E6EC1F /* Example3.swift in Sources */ = {isa = PBXBuildFile; fileRef = EE364DB5243356FE00E6EC1F /* Example3.swift */; };
		EE364DB824335A3C00E6EC1F /* Example4.swift in Sources */ = {isa = PBXBuildFile; fileRef = EE364DB724335A3C00E6EC1F /* Example4.swift */; };
		EE364DBD24335F0F00E6EC1F /* Example6.swift in Sources */ = {isa = PBXBuildFile; fileRef = EE364DBC24335F0F00E6EC1F /* Example6.swift */; };
		EE364DC124336AD500E6EC1F /* Example7.swift in Sources */ = {isa = PBXBuildFile; fileRef = EE364DC024336AD500E6EC1F /* Example7.swift */; };
		EE364DC324336B1E00E6EC1F /* Example8.swift in Sources */ = {isa = PBXBuildFile; fileRef = EE364DC224336B1E00E6EC1F /* Example8.swift */; };
		EE993D5F2432427E0067F3E5 /* AppDelegate.swift in Sources */ = {isa = PBXBuildFile; fileRef = EE993D5E2432427E0067F3E5 /* AppDelegate.swift */; };
		EE993D612432427E0067F3E5 /* SceneDelegate.swift in Sources */ = {isa = PBXBuildFile; fileRef = EE993D602432427E0067F3E5 /* SceneDelegate.swift */; };
		EE993D632432427E0067F3E5 /* ContentView.swift in Sources */ = {isa = PBXBuildFile; fileRef = EE993D622432427E0067F3E5 /* ContentView.swift */; };
		EE993D652432427F0067F3E5 /* Assets.xcassets in Resources */ = {isa = PBXBuildFile; fileRef = EE993D642432427F0067F3E5 /* Assets.xcassets */; };
		EE993D682432427F0067F3E5 /* Preview Assets.xcassets in Resources */ = {isa = PBXBuildFile; fileRef = EE993D672432427F0067F3E5 /* Preview Assets.xcassets */; };
		EE993D6B2432427F0067F3E5 /* LaunchScreen.storyboard in Resources */ = {isa = PBXBuildFile; fileRef = EE993D692432427F0067F3E5 /* LaunchScreen.storyboard */; };
		EE993D73243289400067F3E5 /* Example5.swift in Sources */ = {isa = PBXBuildFile; fileRef = EE993D72243289400067F3E5 /* Example5.swift */; };
/* End PBXBuildFile section */

/* Begin PBXFileReference section */
		EE364DB12433556C00E6EC1F /* Example1.swift */ = {isa = PBXFileReference; lastKnownFileType = sourcecode.swift; path = Example1.swift; sourceTree = "<group>"; };
		EE364DB32433561A00E6EC1F /* Example2.swift */ = {isa = PBXFileReference; lastKnownFileType = sourcecode.swift; path = Example2.swift; sourceTree = "<group>"; };
		EE364DB5243356FE00E6EC1F /* Example3.swift */ = {isa = PBXFileReference; lastKnownFileType = sourcecode.swift; path = Example3.swift; sourceTree = "<group>"; };
		EE364DB724335A3C00E6EC1F /* Example4.swift */ = {isa = PBXFileReference; lastKnownFileType = sourcecode.swift; path = Example4.swift; sourceTree = "<group>"; };
		EE364DBC24335F0F00E6EC1F /* Example6.swift */ = {isa = PBXFileReference; lastKnownFileType = sourcecode.swift; path = Example6.swift; sourceTree = "<group>"; };
		EE364DC024336AD500E6EC1F /* Example7.swift */ = {isa = PBXFileReference; lastKnownFileType = sourcecode.swift; path = Example7.swift; sourceTree = "<group>"; };
		EE364DC224336B1E00E6EC1F /* Example8.swift */ = {isa = PBXFileReference; lastKnownFileType = sourcecode.swift; path = Example8.swift; sourceTree = "<group>"; };
		EE993D5B2432427E0067F3E5 /* Drawings and Animations in SwiftUI.app */ = {isa = PBXFileReference; explicitFileType = wrapper.application; includeInIndex = 0; path = "Drawings and Animations in SwiftUI.app"; sourceTree = BUILT_PRODUCTS_DIR; };
		EE993D5E2432427E0067F3E5 /* AppDelegate.swift */ = {isa = PBXFileReference; lastKnownFileType = sourcecode.swift; path = AppDelegate.swift; sourceTree = "<group>"; };
		EE993D602432427E0067F3E5 /* SceneDelegate.swift */ = {isa = PBXFileReference; lastKnownFileType = sourcecode.swift; path = SceneDelegate.swift; sourceTree = "<group>"; };
		EE993D622432427E0067F3E5 /* ContentView.swift */ = {isa = PBXFileReference; lastKnownFileType = sourcecode.swift; path = ContentView.swift; sourceTree = "<group>"; };
		EE993D642432427F0067F3E5 /* Assets.xcassets */ = {isa = PBXFileReference; lastKnownFileType = folder.assetcatalog; path = Assets.xcassets; sourceTree = "<group>"; };
		EE993D672432427F0067F3E5 /* Preview Assets.xcassets */ = {isa = PBXFileReference; lastKnownFileType = folder.assetcatalog; path = "Preview Assets.xcassets"; sourceTree = "<group>"; };
		EE993D6A2432427F0067F3E5 /* Base */ = {isa = PBXFileReference; lastKnownFileType = file.storyboard; name = Base; path = Base.lproj/LaunchScreen.storyboard; sourceTree = "<group>"; };
		EE993D6C2432427F0067F3E5 /* Info.plist */ = {isa = PBXFileReference; lastKnownFileType = text.plist.xml; path = Info.plist; sourceTree = "<group>"; };
		EE993D72243289400067F3E5 /* Example5.swift */ = {isa = PBXFileReference; lastKnownFileType = sourcecode.swift; path = Example5.swift; sourceTree = "<group>"; };
/* End PBXFileReference section */

/* Begin PBXFrameworksBuildPhase section */
		EE993D582432427E0067F3E5 /* Frameworks */ = {
			isa = PBXFrameworksBuildPhase;
			buildActionMask = 2147483647;
			files = (
			);
			runOnlyForDeploymentPostprocessing = 0;
		};
/* End PBXFrameworksBuildPhase section */

/* Begin PBXGroup section */
		EE364DBA24335E9000E6EC1F /* Drawings */ = {
			isa = PBXGroup;
			children = (
				EE364DB12433556C00E6EC1F /* Example1.swift */,
				EE364DB32433561A00E6EC1F /* Example2.swift */,
				EE364DB5243356FE00E6EC1F /* Example3.swift */,
			);
			path = Drawings;
			sourceTree = "<group>";
		};
		EE364DBB24335EA300E6EC1F /* Easy Animations */ = {
			isa = PBXGroup;
			children = (
				EE364DB724335A3C00E6EC1F /* Example4.swift */,
				EE993D72243289400067F3E5 /* Example5.swift */,
				EE364DBC24335F0F00E6EC1F /* Example6.swift */,
			);
			path = "Easy Animations";
			sourceTree = "<group>";
		};
		EE364DBF24335FD400E6EC1F /* Advanced Animations */ = {
			isa = PBXGroup;
			children = (
				EE364DC024336AD500E6EC1F /* Example7.swift */,
				EE364DC224336B1E00E6EC1F /* Example8.swift */,
			);
			path = "Advanced Animations";
			sourceTree = "<group>";
		};
		EE993D522432427E0067F3E5 = {
			isa = PBXGroup;
			children = (
				EE993D5D2432427E0067F3E5 /* Drawings and Animations in SwiftUI */,
				EE993D5C2432427E0067F3E5 /* Products */,
			);
			sourceTree = "<group>";
		};
		EE993D5C2432427E0067F3E5 /* Products */ = {
			isa = PBXGroup;
			children = (
				EE993D5B2432427E0067F3E5 /* Drawings and Animations in SwiftUI.app */,
			);
			name = Products;
			sourceTree = "<group>";
		};
		EE993D5D2432427E0067F3E5 /* Drawings and Animations in SwiftUI */ = {
			isa = PBXGroup;
			children = (
				EE993D5E2432427E0067F3E5 /* AppDelegate.swift */,
				EE993D602432427E0067F3E5 /* SceneDelegate.swift */,
				EE993D622432427E0067F3E5 /* ContentView.swift */,
				EE364DBA24335E9000E6EC1F /* Drawings */,
				EE364DBB24335EA300E6EC1F /* Easy Animations */,
				EE364DBF24335FD400E6EC1F /* Advanced Animations */,
				EE993D642432427F0067F3E5 /* Assets.xcassets */,
				EE993D692432427F0067F3E5 /* LaunchScreen.storyboard */,
				EE993D6C2432427F0067F3E5 /* Info.plist */,
				EE993D662432427F0067F3E5 /* Preview Content */,
			);
			path = "Drawings and Animations in SwiftUI";
			sourceTree = "<group>";
		};
		EE993D662432427F0067F3E5 /* Preview Content */ = {
			isa = PBXGroup;
			children = (
				EE993D672432427F0067F3E5 /* Preview Assets.xcassets */,
			);
			path = "Preview Content";
			sourceTree = "<group>";
		};
/* End PBXGroup section */

/* Begin PBXNativeTarget section */
		EE993D5A2432427E0067F3E5 /* Drawings and Animations in SwiftUI */ = {
			isa = PBXNativeTarget;
			buildConfigurationList = EE993D6F2432427F0067F3E5 /* Build configuration list for PBXNativeTarget "Drawings and Animations in SwiftUI" */;
			buildPhases = (
				EE993D572432427E0067F3E5 /* Sources */,
				EE993D582432427E0067F3E5 /* Frameworks */,
				EE993D592432427E0067F3E5 /* Resources */,
			);
			buildRules = (
			);
			dependencies = (
			);
			name = "Drawings and Animations in SwiftUI";
			productName = "Drawings and Animations in SwiftUI";
			productReference = EE993D5B2432427E0067F3E5 /* Drawings and Animations in SwiftUI.app */;
			productType = "com.apple.product-type.application";
		};
/* End PBXNativeTarget section */

/* Begin PBXProject section */
		EE993D532432427E0067F3E5 /* Project object */ = {
			isa = PBXProject;
			attributes = {
				LastSwiftUpdateCheck = 1130;
				LastUpgradeCheck = 1130;
				ORGANIZATIONNAME = "Roberto Liccardo";
				TargetAttributes = {
					EE993D5A2432427E0067F3E5 = {
						CreatedOnToolsVersion = 11.3.1;
					};
				};
			};
			buildConfigurationList = EE993D562432427E0067F3E5 /* Build configuration list for PBXProject "Drawings and Animations in SwiftUI" */;
			compatibilityVersion = "Xcode 9.3";
			developmentRegion = en;
			hasScannedForEncodings = 0;
			knownRegions = (
				en,
				Base,
			);
			mainGroup = EE993D522432427E0067F3E5;
			productRefGroup = EE993D5C2432427E0067F3E5 /* Products */;
			projectDirPath = "";
			projectRoot = "";
			targets = (
				EE993D5A2432427E0067F3E5 /* Drawings and Animations in SwiftUI */,
			);
		};
/* End PBXProject section */

/* Begin PBXResourcesBuildPhase section */
		EE993D592432427E0067F3E5 /* Resources */ = {
			isa = PBXResourcesBuildPhase;
			buildActionMask = 2147483647;
			files = (
				EE993D6B2432427F0067F3E5 /* LaunchScreen.storyboard in Resources */,
				EE993D682432427F0067F3E5 /* Preview Assets.xcassets in Resources */,
				EE993D652432427F0067F3E5 /* Assets.xcassets in Resources */,
			);
			runOnlyForDeploymentPostprocessing = 0;
		};
/* End PBXResourcesBuildPhase section */

/* Begin PBXSourcesBuildPhase section */
		EE993D572432427E0067F3E5 /* Sources */ = {
			isa = PBXSourcesBuildPhase;
			buildActionMask = 2147483647;
			files = (
				EE993D5F2432427E0067F3E5 /* AppDelegate.swift in Sources */,
				EE364DB824335A3C00E6EC1F /* Example4.swift in Sources */,
				EE364DB42433561A00E6EC1F /* Example2.swift in Sources */,
				EE993D612432427E0067F3E5 /* SceneDelegate.swift in Sources */,
				EE993D73243289400067F3E5 /* Example5.swift in Sources */,
				EE364DB22433556C00E6EC1F /* Example1.swift in Sources */,
				EE364DC324336B1E00E6EC1F /* Example8.swift in Sources */,
				EE364DB6243356FE00E6EC1F /* Example3.swift in Sources */,
				EE364DBD24335F0F00E6EC1F /* Example6.swift in Sources */,
				EE364DC124336AD500E6EC1F /* Example7.swift in Sources */,
				EE993D632432427E0067F3E5 /* ContentView.swift in Sources */,
			);
			runOnlyForDeploymentPostprocessing = 0;
		};
/* End PBXSourcesBuildPhase section */

/* Begin PBXVariantGroup section */
		EE993D692432427F0067F3E5 /* LaunchScreen.storyboard */ = {
			isa = PBXVariantGroup;
			children = (
				EE993D6A2432427F0067F3E5 /* Base */,
			);
			name = LaunchScreen.storyboard;
			sourceTree = "<group>";
		};
/* End PBXVariantGroup section */

/* Begin XCBuildConfiguration section */
		EE993D6D2432427F0067F3E5 /* Debug */ = {
			isa = XCBuildConfiguration;
			buildSettings = {
				ALWAYS_SEARCH_USER_PATHS = NO;
				CLANG_ANALYZER_NONNULL = YES;
				CLANG_ANALYZER_NUMBER_OBJECT_CONVERSION = YES_AGGRESSIVE;
				CLANG_CXX_LANGUAGE_STANDARD = "gnu++14";
				CLANG_CXX_LIBRARY = "libc++";
				CLANG_ENABLE_MODULES = YES;
				CLANG_ENABLE_OBJC_ARC = YES;
				CLANG_ENABLE_OBJC_WEAK = YES;
				CLANG_WARN_BLOCK_CAPTURE_AUTORELEASING = YES;
				CLANG_WARN_BOOL_CONVERSION = YES;
				CLANG_WARN_COMMA = YES;
				CLANG_WARN_CONSTANT_CONVERSION = YES;
				CLANG_WARN_DEPRECATED_OBJC_IMPLEMENTATIONS = YES;
				CLANG_WARN_DIRECT_OBJC_ISA_USAGE = YES_ERROR;
				CLANG_WARN_DOCUMENTATION_COMMENTS = YES;
				CLANG_WARN_EMPTY_BODY = YES;
				CLANG_WARN_ENUM_CONVERSION = YES;
				CLANG_WARN_INFINITE_RECURSION = YES;
				CLANG_WARN_INT_CONVERSION = YES;
				CLANG_WARN_NON_LITERAL_NULL_CONVERSION = YES;
				CLANG_WARN_OBJC_IMPLICIT_RETAIN_SELF = YES;
				CLANG_WARN_OBJC_LITERAL_CONVERSION = YES;
				CLANG_WARN_OBJC_ROOT_CLASS = YES_ERROR;
				CLANG_WARN_RANGE_LOOP_ANALYSIS = YES;
				CLANG_WARN_STRICT_PROTOTYPES = YES;
				CLANG_WARN_SUSPICIOUS_MOVE = YES;
				CLANG_WARN_UNGUARDED_AVAILABILITY = YES_AGGRESSIVE;
				CLANG_WARN_UNREACHABLE_CODE = YES;
				CLANG_WARN__DUPLICATE_METHOD_MATCH = YES;
				COPY_PHASE_STRIP = NO;
				DEBUG_INFORMATION_FORMAT = dwarf;
				ENABLE_STRICT_OBJC_MSGSEND = YES;
				ENABLE_TESTABILITY = YES;
				GCC_C_LANGUAGE_STANDARD = gnu11;
				GCC_DYNAMIC_NO_PIC = NO;
				GCC_NO_COMMON_BLOCKS = YES;
				GCC_OPTIMIZATION_LEVEL = 0;
				GCC_PREPROCESSOR_DEFINITIONS = (
					"DEBUG=1",
					"$(inherited)",
				);
				GCC_WARN_64_TO_32_BIT_CONVERSION = YES;
				GCC_WARN_ABOUT_RETURN_TYPE = YES_ERROR;
				GCC_WARN_UNDECLARED_SELECTOR = YES;
				GCC_WARN_UNINITIALIZED_AUTOS = YES_AGGRESSIVE;
				GCC_WARN_UNUSED_FUNCTION = YES;
				GCC_WARN_UNUSED_VARIABLE = YES;
				IPHONEOS_DEPLOYMENT_TARGET = 13.2;
				MTL_ENABLE_DEBUG_INFO = INCLUDE_SOURCE;
				MTL_FAST_MATH = YES;
				ONLY_ACTIVE_ARCH = YES;
				SDKROOT = iphoneos;
				SWIFT_ACTIVE_COMPILATION_CONDITIONS = DEBUG;
				SWIFT_OPTIMIZATION_LEVEL = "-Onone";
			};
			name = Debug;
		};
		EE993D6E2432427F0067F3E5 /* Release */ = {
			isa = XCBuildConfiguration;
			buildSettings = {
				ALWAYS_SEARCH_USER_PATHS = NO;
				CLANG_ANALYZER_NONNULL = YES;
				CLANG_ANALYZER_NUMBER_OBJECT_CONVERSION = YES_AGGRESSIVE;
				CLANG_CXX_LANGUAGE_STANDARD = "gnu++14";
				CLANG_CXX_LIBRARY = "libc++";
				CLANG_ENABLE_MODULES = YES;
				CLANG_ENABLE_OBJC_ARC = YES;
				CLANG_ENABLE_OBJC_WEAK = YES;
				CLANG_WARN_BLOCK_CAPTURE_AUTORELEASING = YES;
				CLANG_WARN_BOOL_CONVERSION = YES;
				CLANG_WARN_COMMA = YES;
				CLANG_WARN_CONSTANT_CONVERSION = YES;
				CLANG_WARN_DEPRECATED_OBJC_IMPLEMENTATIONS = YES;
				CLANG_WARN_DIRECT_OBJC_ISA_USAGE = YES_ERROR;
				CLANG_WARN_DOCUMENTATION_COMMENTS = YES;
				CLANG_WARN_EMPTY_BODY = YES;
				CLANG_WARN_ENUM_CONVERSION = YES;
				CLANG_WARN_INFINITE_RECURSION = YES;
				CLANG_WARN_INT_CONVERSION = YES;
				CLANG_WARN_NON_LITERAL_NULL_CONVERSION = YES;
				CLANG_WARN_OBJC_IMPLICIT_RETAIN_SELF = YES;
				CLANG_WARN_OBJC_LITERAL_CONVERSION = YES;
				CLANG_WARN_OBJC_ROOT_CLASS = YES_ERROR;
				CLANG_WARN_RANGE_LOOP_ANALYSIS = YES;
				CLANG_WARN_STRICT_PROTOTYPES = YES;
				CLANG_WARN_SUSPICIOUS_MOVE = YES;
				CLANG_WARN_UNGUARDED_AVAILABILITY = YES_AGGRESSIVE;
				CLANG_WARN_UNREACHABLE_CODE = YES;
				CLANG_WARN__DUPLICATE_METHOD_MATCH = YES;
				COPY_PHASE_STRIP = NO;
				DEBUG_INFORMATION_FORMAT = "dwarf-with-dsym";
				ENABLE_NS_ASSERTIONS = NO;
				ENABLE_STRICT_OBJC_MSGSEND = YES;
				GCC_C_LANGUAGE_STANDARD = gnu11;
				GCC_NO_COMMON_BLOCKS = YES;
				GCC_WARN_64_TO_32_BIT_CONVERSION = YES;
				GCC_WARN_ABOUT_RETURN_TYPE = YES_ERROR;
				GCC_WARN_UNDECLARED_SELECTOR = YES;
				GCC_WARN_UNINITIALIZED_AUTOS = YES_AGGRESSIVE;
				GCC_WARN_UNUSED_FUNCTION = YES;
				GCC_WARN_UNUSED_VARIABLE = YES;
				IPHONEOS_DEPLOYMENT_TARGET = 13.2;
				MTL_ENABLE_DEBUG_INFO = NO;
				MTL_FAST_MATH = YES;
				SDKROOT = iphoneos;
				SWIFT_COMPILATION_MODE = wholemodule;
				SWIFT_OPTIMIZATION_LEVEL = "-O";
				VALIDATE_PRODUCT = YES;
			};
			name = Release;
		};
		EE993D702432427F0067F3E5 /* Debug */ = {
			isa = XCBuildConfiguration;
			buildSettings = {
				ASSETCATALOG_COMPILER_APPICON_NAME = AppIcon;
				CODE_SIGN_STYLE = Automatic;
				DEVELOPMENT_ASSET_PATHS = "\"Drawings and Animations in SwiftUI/Preview Content\"";
				DEVELOPMENT_TEAM = JY68QCXDV6;
				ENABLE_PREVIEWS = YES;
				INFOPLIST_FILE = "Drawings and Animations in SwiftUI/Info.plist";
				LD_RUNPATH_SEARCH_PATHS = (
					"$(inherited)",
					"@executable_path/Frameworks",
				);
				PRODUCT_BUNDLE_IDENTIFIER = "com.robertoliccardo.Drawings-and-Animations-in-SwiftUI";
				PRODUCT_NAME = "$(TARGET_NAME)";
				SWIFT_VERSION = 5.0;
				TARGETED_DEVICE_FAMILY = "1,2";
			};
			name = Debug;
		};
		EE993D712432427F0067F3E5 /* Release */ = {
			isa = XCBuildConfiguration;
			buildSettings = {
				ASSETCATALOG_COMPILER_APPICON_NAME = AppIcon;
				CODE_SIGN_STYLE = Automatic;
				DEVELOPMENT_ASSET_PATHS = "\"Drawings and Animations in SwiftUI/Preview Content\"";
				DEVELOPMENT_TEAM = JY68QCXDV6;
				ENABLE_PREVIEWS = YES;
				INFOPLIST_FILE = "Drawings and Animations in SwiftUI/Info.plist";
				LD_RUNPATH_SEARCH_PATHS = (
					"$(inherited)",
					"@executable_path/Frameworks",
				);
				PRODUCT_BUNDLE_IDENTIFIER = "com.robertoliccardo.Drawings-and-Animations-in-SwiftUI";
				PRODUCT_NAME = "$(TARGET_NAME)";
				SWIFT_VERSION = 5.0;
				TARGETED_DEVICE_FAMILY = "1,2";
			};
			name = Release;
		};
/* End XCBuildConfiguration section */

/* Begin XCConfigurationList section */
		EE993D562432427E0067F3E5 /* Build configuration list for PBXProject "Drawings and Animations in SwiftUI" */ = {
			isa = XCConfigurationList;
			buildConfigurations = (
				EE993D6D2432427F0067F3E5 /* Debug */,
				EE993D6E2432427F0067F3E5 /* Release */,
			);
			defaultConfigurationIsVisible = 0;
			defaultConfigurationName = Release;
		};
		EE993D6F2432427F0067F3E5 /* Build configuration list for PBXNativeTarget "Drawings and Animations in SwiftUI" */ = {
			isa = XCConfigurationList;
			buildConfigurations = (
				EE993D702432427F0067F3E5 /* Debug */,
				EE993D712432427F0067F3E5 /* Release */,
			);
			defaultConfigurationIsVisible = 0;
			defaultConfigurationName = Release;
		};
/* End XCConfigurationList section */
	};
	rootObject = EE993D532432427E0067F3E5 /* Project object */;
}
